{
  "name": "情侣网页相册",
  "lockfileVersion": 3,
  "requires": true,
  "packages": {
    "": {
      "dependencies": {
        "china-geojson": "^1.0.0",
        "echarts": "^6.1.0"
      },
      "devDependencies": {}
    },
    "node_modules/china-geojson": {
      "version": "1.0.0",
      "resolved": "https://registry.npmmirror.com/china-geojson/-/china-geojson-1.0.0.tgz",
      "integrity": "sha512-WclJXmqad7RJwEnQKivYgBC43eevZ+vHUzC1g6aGectHdVunPt3RYsYM5z33coGerpXBurkDNvrhNLc91OMoww==",
      "engines": {
        "node": ">=4.0.0"
      }
    },
    "node_modules/echarts": {
      "version": "6.1.0",
      "resolved": "https://registry.npmmirror.com/echarts/-/echarts-6.1.0.tgz",
      "integrity": "sha512-q0yaFPggC9FUdsWH4blavRWFmxdrIodbkoKNAjJudAI6CA9gNPxHtV2RcZNEepZVlk4yvBYkOkbk6HIVpIyHZA==",
      "license": "Apache-2.0",
      "dependencies": {
        "tslib": "2.3.0",
        "zrender": "6.1.0"
      }
    },
    "node_modules/tslib": {
      "version": "2.3.0",
      "resolved": "https://registry.npmmirror.com/tslib/-/tslib-2.3.0.tgz",
      "integrity": "sha512-N82ooyxVNm6h1riLCoyS9e3fuJ3AMG2zIZs2Gd1ATcSFjSA23Q0fzjjZeh0jbJvWVDZ0cJT8yaNNaaXHzueNjg==",
      "license": "0BSD"
    },
    "node_modules/zrender": {
      "version": "6.1.0",
      "resolved": "https://registry.npmmirror.com/zrender/-/zrender-6.1.0.tgz",
      "integrity": "sha512-oEGMDB6pOP2S6OwRR4PdVv610zrjnA3Bh+JnSG12fYJlBKjtNAoEb5fSUoCOOINlH96I2fU38/A2UpRKs67xYQ==",
      "license": "BSD-3-Clause",
      "dependencies": {
        "tslib": "2.3.0"
      }
    }
  }
}
